// !$*UTF8*$!
{
	archiveVersion = 1;
	classes = {
	};
	objectVersion = 50;
	objects = {

/* Begin PBXBuildFile section */
		88B487E823E51A560038EF2D /* AppDelegate.swift in Sources */ = {isa = PBXBuildFile; fileRef = 88B487E723E51A560038EF2D /* AppDelegate.swift */; };
		88B487EA23E51A560038EF2D /* GameScene.sks in Resources */ = {isa = PBXBuildFile; fileRef = 88B487E923E51A560038EF2D /* GameScene.sks */; };
		88B487EC23E51A560038EF2D /* Actions.sks in Resources */ = {isa = PBXBuildFile; fileRef = 88B487EB23E51A560038EF2D /* Actions.sks */; };
		88B487EE23E51A560038EF2D /* GameScene.swift in Sources */ = {isa = PBXBuildFile; fileRef = 88B487ED23E51A560038EF2D /* GameScene.swift */; };
		88B487F023E51A560038EF2D /* GameViewController.swift in Sources */ = {isa = PBXBuildFile; fileRef = 88B487EF23E51A560038EF2D /* GameViewController.swift */; };
		88B487F323E51A560038EF2D /* Main.storyboard in Resources */ = {isa = PBXBuildFile; fileRef = 88B487F123E51A560038EF2D /* Main.storyboard */; };
		88B487F523E51A5C0038EF2D /* Assets.xcassets in Resources */ = {isa = PBXBuildFile; fileRef = 88B487F423E51A5C0038EF2D /* Assets.xcassets */; };
		88B487F823E51A5C0038EF2D /* LaunchScreen.storyboard in Resources */ = {isa = PBXBuildFile; fileRef = 88B487F623E51A5C0038EF2D /* LaunchScreen.storyboard */; };
		88B4880723E51B1C0038EF2D /* finish@2x.png in Resources */ = {isa = PBXBuildFile; fileRef = 88B4880023E51B1C0038EF2D /* finish@2x.png */; };
		88B4880823E51B1C0038EF2D /* level1.txt in Resources */ = {isa = PBXBuildFile; fileRef = 88B4880123E51B1C0038EF2D /* level1.txt */; };
		88B4880923E51B1C0038EF2D /* star@2x.png in Resources */ = {isa = PBXBuildFile; fileRef = 88B4880223E51B1C0038EF2D /* star@2x.png */; };
		88B4880A23E51B1C0038EF2D /* player@2x.png in Resources */ = {isa = PBXBuildFile; fileRef = 88B4880323E51B1C0038EF2D /* player@2x.png */; };
		88B4880B23E51B1C0038EF2D /* block@2x.png in Resources */ = {isa = PBXBuildFile; fileRef = 88B4880423E51B1C0038EF2D /* block@2x.png */; };
		88B4880C23E51B1C0038EF2D /* vortex@2x.png in Resources */ = {isa = PBXBuildFile; fileRef = 88B4880523E51B1C0038EF2D /* vortex@2x.png */; };
		88B4880D23E51B1C0038EF2D /* background@2x.jpg in Resources */ = {isa = PBXBuildFile; fileRef = 88B4880623E51B1C0038EF2D /* background@2x.jpg */; };
/* End PBXBuildFile section */

/* Begin PBXFileReference section */
		88B487E423E51A560038EF2D /* Project26.app */ = {isa = PBXFileReference; explicitFileType = wrapper.application; includeInIndex = 0; path = Project26.app; sourceTree = BUILT_PRODUCTS_DIR; };
		88B487E723E51A560038EF2D /* AppDelegate.swift */ = {isa = PBXFileReference; lastKnownFileType = sourcecode.swift; path = AppDelegate.swift; sourceTree = "<group>"; };
		88B487E923E51A560038EF2D /* GameScene.sks */ = {isa = PBXFileReference; lastKnownFileType = file.sks; path = GameScene.sks; sourceTree = "<group>"; };
		88B487EB23E51A560038EF2D /* Actions.sks */ = {isa = PBXFileReference; lastKnownFileType = file.sks; path = Actions.sks; sourceTree = "<group>"; };
		88B487ED23E51A560038EF2D /* GameScene.swift */ = {isa = PBXFileReference; lastKnownFileType = sourcecode.swift; path = GameScene.swift; sourceTree = "<group>"; };
		88B487EF23E51A560038EF2D /* GameViewController.swift */ = {isa = PBXFileReference; lastKnownFileType = sourcecode.swift; path = GameViewController.swift; sourceTree = "<group>"; };
		88B487F223E51A560038EF2D /* Base */ = {isa = PBXFileReference; lastKnownFileType = file.storyboard; name = Base; path = Base.lproj/Main.storyboard; sourceTree = "<group>"; };
		88B487F423E51A5C0038EF2D /* Assets.xcassets */ = {isa = PBXFileReference; lastKnownFileType = folder.assetcatalog; path = Assets.xcassets; sourceTree = "<group>"; };
		88B487F723E51A5C0038EF2D /* Base */ = {isa = PBXFileReference; lastKnownFileType = file.storyboard; name = Base; path = Base.lproj/LaunchScreen.storyboard; sourceTree = "<group>"; };
		88B487F923E51A5C0038EF2D /* Info.plist */ = {isa = PBXFileReference; lastKnownFileType = text.plist.xml; path = Info.plist; sourceTree = "<group>"; };
		88B4880023E51B1C0038EF2D /* finish@2x.png */ = {isa = PBXFileReference; lastKnownFileType = image.png; path = "finish@2x.png"; sourceTree = "<group>"; };
		88B4880123E51B1C0038EF2D /* level1.txt */ = {isa = PBXFileReference; fileEncoding = 4; lastKnownFileType = text; path = level1.txt; sourceTree = "<group>"; };
		88B4880223E51B1C0038EF2D /* star@2x.png */ = {isa = PBXFileReference; lastKnownFileType = image.png; path = "star@2x.png"; sourceTree = "<group>"; };
		88B4880323E51B1C0038EF2D /* player@2x.png */ = {isa = PBXFileReference; lastKnownFileType = image.png; path = "player@2x.png"; sourceTree = "<group>"; };
		88B4880423E51B1C0038EF2D /* block@2x.png */ = {isa = PBXFileReference; lastKnownFileType = image.png; path = "block@2x.png"; sourceTree = "<group>"; };
		88B4880523E51B1C0038EF2D /* vortex@2x.png */ = {isa = PBXFileReference; lastKnownFileType = image.png; path = "vortex@2x.png"; sourceTree = "<group>"; };
		88B4880623E51B1C0038EF2D /* background@2x.jpg */ = {isa = PBXFileReference; lastKnownFileType = image.jpeg; path = "background@2x.jpg"; sourceTree = "<group>"; };
/* End PBXFileReference section */

/* Begin PBXFrameworksBuildPhase section */
		88B487E123E51A560038EF2D /* Frameworks */ = {
			isa = PBXFrameworksBuildPhase;
			buildActionMask = 2147483647;
			files = (
			);
			runOnlyForDeploymentPostprocessing = 0;
		};
/* End PBXFrameworksBuildPhase section */

/* Begin PBXGroup section */
		88B487DB23E51A560038EF2D = {
			isa = PBXGroup;
			children = (
				88B487E623E51A560038EF2D /* Project26 */,
				88B487E523E51A560038EF2D /* Products */,
				88B487FF23E51B1C0038EF2D /* Content */,
			);
			sourceTree = "<group>";
		};
		88B487E523E51A560038EF2D /* Products */ = {
			isa = PBXGroup;
			children = (
				88B487E423E51A560038EF2D /* Project26.app */,
			);
			name = Products;
			sourceTree = "<group>";
		};
		88B487E623E51A560038EF2D /* Project26 */ = {
			isa = PBXGroup;
			children = (
				88B487E723E51A560038EF2D /* AppDelegate.swift */,
				88B487E923E51A560038EF2D /* GameScene.sks */,
				88B487EB23E51A560038EF2D /* Actions.sks */,
				88B487ED23E51A560038EF2D /* GameScene.swift */,
				88B487EF23E51A560038EF2D /* GameViewController.swift */,
				88B487F123E51A560038EF2D /* Main.storyboard */,
				88B487F423E51A5C0038EF2D /* Assets.xcassets */,
				88B487F623E51A5C0038EF2D /* LaunchScreen.storyboard */,
				88B487F923E51A5C0038EF2D /* Info.plist */,
			);
			path = Project26;
			sourceTree = "<group>";
		};
		88B487FF23E51B1C0038EF2D /* Content */ = {
			isa = PBXGroup;
			children = (
				88B4880023E51B1C0038EF2D /* finish@2x.png */,
				88B4880123E51B1C0038EF2D /* level1.txt */,
				88B4880223E51B1C0038EF2D /* star@2x.png */,
				88B4880323E51B1C0038EF2D /* player@2x.png */,
				88B4880423E51B1C0038EF2D /* block@2x.png */,
				88B4880523E51B1C0038EF2D /* vortex@2x.png */,
				88B4880623E51B1C0038EF2D /* background@2x.jpg */,
			);
			path = Content;
			sourceTree = "<group>";
		};
/* End PBXGroup section */

/* Begin PBXNativeTarget section */
		88B487E323E51A560038EF2D /* Project26 */ = {
			isa = PBXNativeTarget;
			buildConfigurationList = 88B487FC23E51A5C0038EF2D /* Build configuration list for PBXNativeTarget "Project26" */;
			buildPhases = (
				88B487E023E51A560038EF2D /* Sources */,
				88B487E123E51A560038EF2D /* Frameworks */,
				88B487E223E51A560038EF2D /* Resources */,
			);
			buildRules = (
			);
			dependencies = (
			);
			name = Project26;
			productName = Project26;
			productReference = 88B487E423E51A560038EF2D /* Project26.app */;
			productType = "com.apple.product-type.application";
		};
/* End PBXNativeTarget section */

/* Begin PBXProject section */
		88B487DC23E51A560038EF2D /* Project object */ = {
			isa = PBXProject;
			attributes = {
				LastSwiftUpdateCheck = 1030;
				LastUpgradeCheck = 1030;
				ORGANIZATIONNAME = "Ayax Alexis";
				TargetAttributes = {
					88B487E323E51A560038EF2D = {
						CreatedOnToolsVersion = 10.3;
					};
				};
			};
			buildConfigurationList = 88B487DF23E51A560038EF2D /* Build configuration list for PBXProject "Project26" */;
			compatibilityVersion = "Xcode 9.3";
			developmentRegion = en;
			hasScannedForEncodings = 0;
			knownRegions = (
				en,
				Base,
			);
			mainGroup = 88B487DB23E51A560038EF2D;
			productRefGroup = 88B487E523E51A560038EF2D /* Products */;
			projectDirPath = "";
			projectRoot = "";
			targets = (
				88B487E323E51A560038EF2D /* Project26 */,
			);
		};
/* End PBXProject section */

/* Begin PBXResourcesBuildPhase section */
		88B487E223E51A560038EF2D /* Resources */ = {
			isa = PBXResourcesBuildPhase;
			buildActionMask = 2147483647;
			files = (
				88B4880C23E51B1C0038EF2D /* vortex@2x.png in Resources */,
				88B487F323E51A560038EF2D /* Main.storyboard in Resources */,
				88B487EA23E51A560038EF2D /* GameScene.sks in Resources */,
				88B4880923E51B1C0038EF2D /* star@2x.png in Resources */,
				88B4880823E51B1C0038EF2D /* level1.txt in Resources */,
				88B487F523E51A5C0038EF2D /* Assets.xcassets in Resources */,
				88B4880723E51B1C0038EF2D /* finish@2x.png in Resources */,
				88B4880B23E51B1C0038EF2D /* block@2x.png in Resources */,
				88B487F823E51A5C0038EF2D /* LaunchScreen.storyboard in Resources */,
				88B4880A23E51B1C0038EF2D /* player@2x.png in Resources */,
				88B4880D23E51B1C0038EF2D /* background@2x.jpg in Resources */,
				88B487EC23E51A560038EF2D /* Actions.sks in Resources */,
			);
			runOnlyForDeploymentPostprocessing = 0;
		};
/* End PBXResourcesBuildPhase section */

/* Begin PBXSourcesBuildPhase section */
		88B487E023E51A560038EF2D /* Sources */ = {
			isa = PBXSourcesBuildPhase;
			buildActionMask = 2147483647;
			files = (
				88B487EE23E51A560038EF2D /* GameScene.swift in Sources */,
				88B487F023E51A560038EF2D /* GameViewController.swift in Sources */,
				88B487E823E51A560038EF2D /* AppDelegate.swift in Sources */,
			);
			runOnlyForDeploymentPostprocessing = 0;
		};
/* End PBXSourcesBuildPhase section */

/* Begin PBXVariantGroup section */
		88B487F123E51A560038EF2D /* Main.storyboard */ = {
			isa = PBXVariantGroup;
			children = (
				88B487F223E51A560038EF2D /* Base */,
			);
			name = Main.storyboard;
			sourceTree = "<group>";
		};
		88B487F623E51A5C0038EF2D /* LaunchScreen.storyboard */ = {
			isa = PBXVariantGroup;
			children = (
				88B487F723E51A5C0038EF2D /* Base */,
			);
			name = LaunchScreen.storyboard;
			sourceTree = "<group>";
		};
/* End PBXVariantGroup section */

/* Begin XCBuildConfiguration section */
		88B487FA23E51A5C0038EF2D /* Debug */ = {
			isa = XCBuildConfiguration;
			buildSettings = {
				ALWAYS_SEARCH_USER_PATHS = NO;
				CLANG_ANALYZER_NONNULL = YES;
				CLANG_ANALYZER_NUMBER_OBJECT_CONVERSION = YES_AGGRESSIVE;
				CLANG_CXX_LANGUAGE_STANDARD = "gnu++14";
				CLANG_CXX_LIBRARY = "libc++";
				CLANG_ENABLE_MODULES = YES;
				CLANG_ENABLE_OBJC_ARC = YES;
				CLANG_ENABLE_OBJC_WEAK = YES;
				CLANG_WARN_BLOCK_CAPTURE_AUTORELEASING = YES;
				CLANG_WARN_BOOL_CONVERSION = YES;
				CLANG_WARN_COMMA = YES;
				CLANG_WARN_CONSTANT_CONVERSION = YES;
				CLANG_WARN_DEPRECATED_OBJC_IMPLEMENTATIONS = YES;
				CLANG_WARN_DIRECT_OBJC_ISA_USAGE = YES_ERROR;
				CLANG_WARN_DOCUMENTATION_COMMENTS = YES;
				CLANG_WARN_EMPTY_BODY = YES;
				CLANG_WARN_ENUM_CONVERSION = YES;
				CLANG_WARN_INFINITE_RECURSION = YES;
				CLANG_WARN_INT_CONVERSION = YES;
				CLANG_WARN_NON_LITERAL_NULL_CONVERSION = YES;
				CLANG_WARN_OBJC_IMPLICIT_RETAIN_SELF = YES;
				CLANG_WARN_OBJC_LITERAL_CONVERSION = YES;
				CLANG_WARN_OBJC_ROOT_CLASS = YES_ERROR;
				CLANG_WARN_RANGE_LOOP_ANALYSIS = YES;
				CLANG_WARN_STRICT_PROTOTYPES = YES;
				CLANG_WARN_SUSPICIOUS_MOVE = YES;
				CLANG_WARN_UNGUARDED_AVAILABILITY = YES_AGGRESSIVE;
				CLANG_WARN_UNREACHABLE_CODE = YES;
				CLANG_WARN__DUPLICATE_METHOD_MATCH = YES;
				CODE_SIGN_IDENTITY = "iPhone Developer";
				COPY_PHASE_STRIP = NO;
				DEBUG_INFORMATION_FORMAT = dwarf;
				ENABLE_STRICT_OBJC_MSGSEND = YES;
				ENABLE_TESTABILITY = YES;
				GCC_C_LANGUAGE_STANDARD = gnu11;
				GCC_DYNAMIC_NO_PIC = NO;
				GCC_NO_COMMON_BLOCKS = YES;
				GCC_OPTIMIZATION_LEVEL = 0;
				GCC_PREPROCESSOR_DEFINITIONS = (
					"DEBUG=1",
					"$(inherited)",
				);
				GCC_WARN_64_TO_32_BIT_CONVERSION = YES;
				GCC_WARN_ABOUT_RETURN_TYPE = YES_ERROR;
				GCC_WARN_UNDECLARED_SELECTOR = YES;
				GCC_WARN_UNINITIALIZED_AUTOS = YES_AGGRESSIVE;
				GCC_WARN_UNUSED_FUNCTION = YES;
				GCC_WARN_UNUSED_VARIABLE = YES;
				IPHONEOS_DEPLOYMENT_TARGET = 12.4;
				MTL_ENABLE_DEBUG_INFO = INCLUDE_SOURCE;
				MTL_FAST_MATH = YES;
				ONLY_ACTIVE_ARCH = YES;
				SDKROOT = iphoneos;
				SWIFT_ACTIVE_COMPILATION_CONDITIONS = DEBUG;
				SWIFT_OPTIMIZATION_LEVEL = "-Onone";
			};
			name = Debug;
		};
		88B487FB23E51A5C0038EF2D /* Release */ = {
			isa = XCBuildConfiguration;
			buildSettings = {
				ALWAYS_SEARCH_USER_PATHS = NO;
				CLANG_ANALYZER_NONNULL = YES;
				CLANG_ANALYZER_NUMBER_OBJECT_CONVERSION = YES_AGGRESSIVE;
				CLANG_CXX_LANGUAGE_STANDARD = "gnu++14";
				CLANG_CXX_LIBRARY = "libc++";
				CLANG_ENABLE_MODULES = YES;
				CLANG_ENABLE_OBJC_ARC = YES;
				CLANG_ENABLE_OBJC_WEAK = YES;
				CLANG_WARN_BLOCK_CAPTURE_AUTORELEASING = YES;
				CLANG_WARN_BOOL_CONVERSION = YES;
				CLANG_WARN_COMMA = YES;
				CLANG_WARN_CONSTANT_CONVERSION = YES;
				CLANG_WARN_DEPRECATED_OBJC_IMPLEMENTATIONS = YES;
				CLANG_WARN_DIRECT_OBJC_ISA_USAGE = YES_ERROR;
				CLANG_WARN_DOCUMENTATION_COMMENTS = YES;
				CLANG_WARN_EMPTY_BODY = YES;
				CLANG_WARN_ENUM_CONVERSION = YES;
				CLANG_WARN_INFINITE_RECURSION = YES;
				CLANG_WARN_INT_CONVERSION = YES;
				CLANG_WARN_NON_LITERAL_NULL_CONVERSION = YES;
				CLANG_WARN_OBJC_IMPLICIT_RETAIN_SELF = YES;
				CLANG_WARN_OBJC_LITERAL_CONVERSION = YES;
				CLANG_WARN_OBJC_ROOT_CLASS = YES_ERROR;
				CLANG_WARN_RANGE_LOOP_ANALYSIS = YES;
				CLANG_WARN_STRICT_PROTOTYPES = YES;
				CLANG_WARN_SUSPICIOUS_MOVE = YES;
				CLANG_WARN_UNGUARDED_AVAILABILITY = YES_AGGRESSIVE;
				CLANG_WARN_UNREACHABLE_CODE = YES;
				CLANG_WARN__DUPLICATE_METHOD_MATCH = YES;
				CODE_SIGN_IDENTITY = "iPhone Developer";
				COPY_PHASE_STRIP = NO;
				DEBUG_INFORMATION_FORMAT = "dwarf-with-dsym";
				ENABLE_NS_ASSERTIONS = NO;
				ENABLE_STRICT_OBJC_MSGSEND = YES;
				GCC_C_LANGUAGE_STANDARD = gnu11;
				GCC_NO_COMMON_BLOCKS = YES;
				GCC_WARN_64_TO_32_BIT_CONVERSION = YES;
				GCC_WARN_ABOUT_RETURN_TYPE = YES_ERROR;
				GCC_WARN_UNDECLARED_SELECTOR = YES;
				GCC_WARN_UNINITIALIZED_AUTOS = YES_AGGRESSIVE;
				GCC_WARN_UNUSED_FUNCTION = YES;
				GCC_WARN_UNUSED_VARIABLE = YES;
				IPHONEOS_DEPLOYMENT_TARGET = 12.4;
				MTL_ENABLE_DEBUG_INFO = NO;
				MTL_FAST_MATH = YES;
				SDKROOT = iphoneos;
				SWIFT_COMPILATION_MODE = wholemodule;
				SWIFT_OPTIMIZATION_LEVEL = "-O";
				VALIDATE_PRODUCT = YES;
			};
			name = Release;
		};
		88B487FD23E51A5C0038EF2D /* Debug */ = {
			isa = XCBuildConfiguration;
			buildSettings = {
				ASSETCATALOG_COMPILER_APPICON_NAME = AppIcon;
				CODE_SIGN_STYLE = Automatic;
				DEVELOPMENT_TEAM = CSN7L4X925;
				INFOPLIST_FILE = Project26/Info.plist;
				LD_RUNPATH_SEARCH_PATHS = (
					"$(inherited)",
					"@executable_path/Frameworks",
				);
				PRODUCT_BUNDLE_IDENTIFIER = mx.AyaxAlexis.Project26;
				PRODUCT_NAME = "$(TARGET_NAME)";
				SWIFT_VERSION = 5.0;
				TARGETED_DEVICE_FAMILY = 2;
			};
			name = Debug;
		};
		88B487FE23E51A5C0038EF2D /* Release */ = {
			isa = XCBuildConfiguration;
			buildSettings = {
				ASSETCATALOG_COMPILER_APPICON_NAME = AppIcon;
				CODE_SIGN_STYLE = Automatic;
				DEVELOPMENT_TEAM = CSN7L4X925;
				INFOPLIST_FILE = Project26/Info.plist;
				LD_RUNPATH_SEARCH_PATHS = (
					"$(inherited)",
					"@executable_path/Frameworks",
				);
				PRODUCT_BUNDLE_IDENTIFIER = mx.AyaxAlexis.Project26;
				PRODUCT_NAME = "$(TARGET_NAME)";
				SWIFT_VERSION = 5.0;
				TARGETED_DEVICE_FAMILY = 2;
			};
			name = Release;
		};
/* End XCBuildConfiguration section */

/* Begin XCConfigurationList section */
		88B487DF23E51A560038EF2D /* Build configuration list for PBXProject "Project26" */ = {
			isa = XCConfigurationList;
			buildConfigurations = (
				88B487FA23E51A5C0038EF2D /* Debug */,
				88B487FB23E51A5C0038EF2D /* Release */,
			);
			defaultConfigurationIsVisible = 0;
			defaultConfigurationName = Release;
		};
		88B487FC23E51A5C0038EF2D /* Build configuration list for PBXNativeTarget "Project26" */ = {
			isa = XCConfigurationList;
			buildConfigurations = (
				88B487FD23E51A5C0038EF2D /* Debug */,
				88B487FE23E51A5C0038EF2D /* Release */,
			);
			defaultConfigurationIsVisible = 0;
			defaultConfigurationName = Release;
		};
/* End XCConfigurationList section */
	};
	rootObject = 88B487DC23E51A560038EF2D /* Project object */;
}
